
Microsoft Visual Studio Solution File, Format Version 12.00
# Visual Studio 14
VisualStudioVersion = 14.0.24720.0
MinimumVisualStudioVersion = 10.0.40219.1
Project("{FAE04EC0-301F-11D3-BF4B-00C04F79EFBC}") = "SportsStore.Domain", "SportsStore.Domain\SportsStore.Domain.csproj", "{2908DC7F-AC59-4C03-A5FD-73CE68095FEB}"
EndProject
Project("{FAE04EC0-301F-11D3-BF4B-00C04F79EFBC}") = "SportsStore.WebUI", "SportsStore.WebUI\SportsStore.WebUI.csproj", "{0543D7B4-180E-4B68-B3E9-8FA3D558850C}"
EndProject
Project("{FAE04EC0-301F-11D3-BF4B-00C04F79EFBC}") = "SportsStore.UnitTests", "SportsStore.UnitTests\SportsStore.UnitTests.csproj", "{04BAE305-3539-429C-B2E9-C5865DAB5BC8}"
EndProject
Global
	GlobalSection(SolutionConfigurationPlatforms) = preSolution
		Debug|Any CPU = Debug|Any CPU
		Release|Any CPU = Release|Any CPU
	EndGlobalSection
	GlobalSection(ProjectConfigurationPlatforms) = postSolution
		{2908DC7F-AC59-4C03-A5FD-73CE68095FEB}.Debug|Any CPU.ActiveCfg = Debug|Any CPU
		{2908DC7F-AC59-4C03-A5FD-73CE68095FEB}.Debug|Any CPU.Build.0 = Debug|Any CPU
		{2908DC7F-AC59-4C03-A5FD-73CE68095FEB}.Release|Any CPU.ActiveCfg = Release|Any CPU
		{2908DC7F-AC59-4C03-A5FD-73CE68095FEB}.Release|Any CPU.Build.0 = Release|Any CPU
		{0543D7B4-180E-4B68-B3E9-8FA3D558850C}.Debug|Any CPU.ActiveCfg = Debug|Any CPU
		{0543D7B4-180E-4B68-B3E9-8FA3D558850C}.Debug|Any CPU.Build.0 = Debug|Any CPU
		{0543D7B4-180E-4B68-B3E9-8FA3D558850C}.Release|Any CPU.ActiveCfg = Release|Any CPU
		{0543D7B4-180E-4B68-B3E9-8FA3D558850C}.Release|Any CPU.Build.0 = Release|Any CPU
		{04BAE305-3539-429C-B2E9-C5865DAB5BC8}.Debug|Any CPU.ActiveCfg = Debug|Any CPU
		{04BAE305-3539-429C-B2E9-C5865DAB5BC8}.Debug|Any CPU.Build.0 = Debug|Any CPU
		{04BAE305-3539-429C-B2E9-C5865DAB5BC8}.Release|Any CPU.ActiveCfg = Release|Any CPU
		{04BAE305-3539-429C-B2E9-C5865DAB5BC8}.Release|Any CPU.Build.0 = Release|Any CPU
	EndGlobalSection
	GlobalSection(SolutionProperties) = preSolution
		HideSolutionNode = FALSE
	EndGlobalSection
EndGlobal
